// !$*UTF8*$!
{
	archiveVersion = 1;
	classes = {
	};
	objectVersion = 51;
	objects = {

/* Begin PBXBuildFile section */
		074B78E55D3C104226398A8F /* Pods_Instagram_Clone.framework in Frameworks */ = {isa = PBXBuildFile; fileRef = 5E4B1CB5B35402CB4FE76BCB /* Pods_Instagram_Clone.framework */; };
		940D33382987641F0049F483 /* FollowUnFollow.swift in Sources */ = {isa = PBXBuildFile; fileRef = 940D33372987641F0049F483 /* FollowUnFollow.swift */; };
		940D333A298B03EF0049F483 /* Protocols.swift in Sources */ = {isa = PBXBuildFile; fileRef = 940D3339298B03EF0049F483 /* Protocols.swift */; };
		940D333C298C35830049F483 /* FollowersVC.swift in Sources */ = {isa = PBXBuildFile; fileRef = 940D333B298C35830049F483 /* FollowersVC.swift */; };
		940D333E298C38FC0049F483 /* FollowersViewControllerCell.swift in Sources */ = {isa = PBXBuildFile; fileRef = 940D333D298C38FC0049F483 /* FollowersViewControllerCell.swift */; };
		943E3DCD298061C7000CAA98 /* MainViewController.swift in Sources */ = {isa = PBXBuildFile; fileRef = 943E3DCC298061C7000CAA98 /* MainViewController.swift */; };
		943E3DCF29806742000CAA98 /* FeedController.swift in Sources */ = {isa = PBXBuildFile; fileRef = 943E3DCE29806742000CAA98 /* FeedController.swift */; };
		943E3DD129806785000CAA98 /* NotificationController.swift in Sources */ = {isa = PBXBuildFile; fileRef = 943E3DD029806785000CAA98 /* NotificationController.swift */; };
		943E3DD3298067A3000CAA98 /* SearchFeedController.swift in Sources */ = {isa = PBXBuildFile; fileRef = 943E3DD2298067A3000CAA98 /* SearchFeedController.swift */; };
		943E3DD5298067CC000CAA98 /* PostController.swift in Sources */ = {isa = PBXBuildFile; fileRef = 943E3DD4298067CC000CAA98 /* PostController.swift */; };
		943E3DD7298067F0000CAA98 /* ProfileController.swift in Sources */ = {isa = PBXBuildFile; fileRef = 943E3DD6298067F0000CAA98 /* ProfileController.swift */; };
		94C4B29A297A9E7F00B44056 /* AppDelegate.swift in Sources */ = {isa = PBXBuildFile; fileRef = 94C4B299297A9E7F00B44056 /* AppDelegate.swift */; };
		94C4B29C297A9E7F00B44056 /* SceneDelegate.swift in Sources */ = {isa = PBXBuildFile; fileRef = 94C4B29B297A9E7F00B44056 /* SceneDelegate.swift */; };
		94C4B2A1297A9E8000B44056 /* Main.storyboard in Resources */ = {isa = PBXBuildFile; fileRef = 94C4B29F297A9E8000B44056 /* Main.storyboard */; };
		94C4B2A3297A9EB700B44056 /* Assets.xcassets in Resources */ = {isa = PBXBuildFile; fileRef = 94C4B2A2297A9EB700B44056 /* Assets.xcassets */; };
		94C4B2A6297A9EB700B44056 /* LaunchScreen.storyboard in Resources */ = {isa = PBXBuildFile; fileRef = 94C4B2A4297A9EB700B44056 /* LaunchScreen.storyboard */; };
		94C4B2B4297B74C800B44056 /* LoginViewController.swift in Sources */ = {isa = PBXBuildFile; fileRef = 94C4B2B3297B74C800B44056 /* LoginViewController.swift */; };
		94C4B2B7297C413D00B44056 /* Extensions.swift in Sources */ = {isa = PBXBuildFile; fileRef = 94C4B2B6297C413D00B44056 /* Extensions.swift */; };
		94C4B2B9297CF39B00B44056 /* SignUpViewController.swift in Sources */ = {isa = PBXBuildFile; fileRef = 94C4B2B8297CF39B00B44056 /* SignUpViewController.swift */; };
		94C4B2BB297D4C9B00B44056 /* GoogleService-Info.plist in Resources */ = {isa = PBXBuildFile; fileRef = 94C4B2BA297D4C9B00B44056 /* GoogleService-Info.plist */; };
		94E4A71D299743B400074803 /* SelectImageViewController.swift in Sources */ = {isa = PBXBuildFile; fileRef = 94E4A71C299743B400074803 /* SelectImageViewController.swift */; };
		94E4A71F2997452400074803 /* SelectPhotoCell.swift in Sources */ = {isa = PBXBuildFile; fileRef = 94E4A71E2997452400074803 /* SelectPhotoCell.swift */; };
		94E4A7212997459600074803 /* SelectPhotoHeaderCell.swift in Sources */ = {isa = PBXBuildFile; fileRef = 94E4A7202997459600074803 /* SelectPhotoHeaderCell.swift */; };
		94E8395829815B05002B365C /* ProfileCollectionViewHeader.swift in Sources */ = {isa = PBXBuildFile; fileRef = 94E8395729815B05002B365C /* ProfileCollectionViewHeader.swift */; };
		94E8395A2982AE11002B365C /* User.swift in Sources */ = {isa = PBXBuildFile; fileRef = 94E839592982AE11002B365C /* User.swift */; };
		94E8395C29840182002B365C /* SearchViewControllerCell.swift in Sources */ = {isa = PBXBuildFile; fileRef = 94E8395B29840182002B365C /* SearchViewControllerCell.swift */; };
		94E8395F2984AF5B002B365C /* Services.swift in Sources */ = {isa = PBXBuildFile; fileRef = 94E8395E2984AF5B002B365C /* Services.swift */; };
/* End PBXBuildFile section */

/* Begin PBXFileReference section */
		5E4B1CB5B35402CB4FE76BCB /* Pods_Instagram_Clone.framework */ = {isa = PBXFileReference; explicitFileType = wrapper.framework; includeInIndex = 0; path = Pods_Instagram_Clone.framework; sourceTree = BUILT_PRODUCTS_DIR; };
		8D3FFEE3B26BD2CF07C5B5E5 /* Pods-Instagram Clone.debug.xcconfig */ = {isa = PBXFileReference; includeInIndex = 1; lastKnownFileType = text.xcconfig; name = "Pods-Instagram Clone.debug.xcconfig"; path = "Target Support Files/Pods-Instagram Clone/Pods-Instagram Clone.debug.xcconfig"; sourceTree = "<group>"; };
		940D33372987641F0049F483 /* FollowUnFollow.swift */ = {isa = PBXFileReference; lastKnownFileType = sourcecode.swift; path = FollowUnFollow.swift; sourceTree = "<group>"; };
		940D3339298B03EF0049F483 /* Protocols.swift */ = {isa = PBXFileReference; lastKnownFileType = sourcecode.swift; path = Protocols.swift; sourceTree = "<group>"; };
		940D333B298C35830049F483 /* FollowersVC.swift */ = {isa = PBXFileReference; lastKnownFileType = sourcecode.swift; path = FollowersVC.swift; sourceTree = "<group>"; };
		940D333D298C38FC0049F483 /* FollowersViewControllerCell.swift */ = {isa = PBXFileReference; lastKnownFileType = sourcecode.swift; path = FollowersViewControllerCell.swift; sourceTree = "<group>"; };
		943E3DCC298061C7000CAA98 /* MainViewController.swift */ = {isa = PBXFileReference; lastKnownFileType = sourcecode.swift; path = MainViewController.swift; sourceTree = "<group>"; };
		943E3DCE29806742000CAA98 /* FeedController.swift */ = {isa = PBXFileReference; lastKnownFileType = sourcecode.swift; path = FeedController.swift; sourceTree = "<group>"; };
		943E3DD029806785000CAA98 /* NotificationController.swift */ = {isa = PBXFileReference; lastKnownFileType = sourcecode.swift; path = NotificationController.swift; sourceTree = "<group>"; };
		943E3DD2298067A3000CAA98 /* SearchFeedController.swift */ = {isa = PBXFileReference; lastKnownFileType = sourcecode.swift; path = SearchFeedController.swift; sourceTree = "<group>"; };
		943E3DD4298067CC000CAA98 /* PostController.swift */ = {isa = PBXFileReference; lastKnownFileType = sourcecode.swift; path = PostController.swift; sourceTree = "<group>"; };
		943E3DD6298067F0000CAA98 /* ProfileController.swift */ = {isa = PBXFileReference; lastKnownFileType = sourcecode.swift; path = ProfileController.swift; sourceTree = "<group>"; };
		94C4B296297A9E7F00B44056 /* Instagram Clone.app */ = {isa = PBXFileReference; explicitFileType = wrapper.application; includeInIndex = 0; path = "Instagram Clone.app"; sourceTree = BUILT_PRODUCTS_DIR; };
		94C4B299297A9E7F00B44056 /* AppDelegate.swift */ = {isa = PBXFileReference; lastKnownFileType = sourcecode.swift; path = AppDelegate.swift; sourceTree = "<group>"; };
		94C4B29B297A9E7F00B44056 /* SceneDelegate.swift */ = {isa = PBXFileReference; lastKnownFileType = sourcecode.swift; path = SceneDelegate.swift; sourceTree = "<group>"; };
		94C4B2A0297A9E8000B44056 /* Base */ = {isa = PBXFileReference; lastKnownFileType = file.storyboard; name = Base; path = Base.lproj/Main.storyboard; sourceTree = "<group>"; };
		94C4B2A2297A9EB700B44056 /* Assets.xcassets */ = {isa = PBXFileReference; lastKnownFileType = folder.assetcatalog; path = Assets.xcassets; sourceTree = "<group>"; };
		94C4B2A5297A9EB700B44056 /* Base */ = {isa = PBXFileReference; lastKnownFileType = file.storyboard; name = Base; path = Base.lproj/LaunchScreen.storyboard; sourceTree = "<group>"; };
		94C4B2A7297A9EB700B44056 /* Info.plist */ = {isa = PBXFileReference; lastKnownFileType = text.plist.xml; path = Info.plist; sourceTree = "<group>"; };
		94C4B2B3297B74C800B44056 /* LoginViewController.swift */ = {isa = PBXFileReference; lastKnownFileType = sourcecode.swift; path = LoginViewController.swift; sourceTree = "<group>"; };
		94C4B2B6297C413D00B44056 /* Extensions.swift */ = {isa = PBXFileReference; lastKnownFileType = sourcecode.swift; path = Extensions.swift; sourceTree = "<group>"; };
		94C4B2B8297CF39B00B44056 /* SignUpViewController.swift */ = {isa = PBXFileReference; lastKnownFileType = sourcecode.swift; path = SignUpViewController.swift; sourceTree = "<group>"; };
		94C4B2BA297D4C9B00B44056 /* GoogleService-Info.plist */ = {isa = PBXFileReference; fileEncoding = 4; lastKnownFileType = text.plist.xml; path = "GoogleService-Info.plist"; sourceTree = "<group>"; };
		94E4A71C299743B400074803 /* SelectImageViewController.swift */ = {isa = PBXFileReference; lastKnownFileType = sourcecode.swift; path = SelectImageViewController.swift; sourceTree = "<group>"; };
		94E4A71E2997452400074803 /* SelectPhotoCell.swift */ = {isa = PBXFileReference; lastKnownFileType = sourcecode.swift; path = SelectPhotoCell.swift; sourceTree = "<group>"; };
		94E4A7202997459600074803 /* SelectPhotoHeaderCell.swift */ = {isa = PBXFileReference; lastKnownFileType = sourcecode.swift; path = SelectPhotoHeaderCell.swift; sourceTree = "<group>"; };
		94E8395729815B05002B365C /* ProfileCollectionViewHeader.swift */ = {isa = PBXFileReference; lastKnownFileType = sourcecode.swift; path = ProfileCollectionViewHeader.swift; sourceTree = "<group>"; };
		94E839592982AE11002B365C /* User.swift */ = {isa = PBXFileReference; lastKnownFileType = sourcecode.swift; path = User.swift; sourceTree = "<group>"; };
		94E8395B29840182002B365C /* SearchViewControllerCell.swift */ = {isa = PBXFileReference; lastKnownFileType = sourcecode.swift; path = SearchViewControllerCell.swift; sourceTree = "<group>"; };
		94E8395E2984AF5B002B365C /* Services.swift */ = {isa = PBXFileReference; lastKnownFileType = sourcecode.swift; path = Services.swift; sourceTree = "<group>"; };
		9B738775C7C66D85EB099DAA /* Pods-Instagram Clone.release.xcconfig */ = {isa = PBXFileReference; includeInIndex = 1; lastKnownFileType = text.xcconfig; name = "Pods-Instagram Clone.release.xcconfig"; path = "Target Support Files/Pods-Instagram Clone/Pods-Instagram Clone.release.xcconfig"; sourceTree = "<group>"; };
/* End PBXFileReference section */

/* Begin PBXFrameworksBuildPhase section */
		94C4B293297A9E7F00B44056 /* Frameworks */ = {
			isa = PBXFrameworksBuildPhase;
			buildActionMask = 2147483647;
			files = (
				074B78E55D3C104226398A8F /* Pods_Instagram_Clone.framework in Frameworks */,
			);
			runOnlyForDeploymentPostprocessing = 0;
		};
/* End PBXFrameworksBuildPhase section */

/* Begin PBXGroup section */
		6D6790799F18A790356BBB42 /* Pods */ = {
			isa = PBXGroup;
			children = (
				8D3FFEE3B26BD2CF07C5B5E5 /* Pods-Instagram Clone.debug.xcconfig */,
				9B738775C7C66D85EB099DAA /* Pods-Instagram Clone.release.xcconfig */,
			);
			path = Pods;
			sourceTree = "<group>";
		};
		94C4B28D297A9E7F00B44056 = {
			isa = PBXGroup;
			children = (
				94C4B298297A9E7F00B44056 /* Instagram Clone */,
				94C4B297297A9E7F00B44056 /* Products */,
				6D6790799F18A790356BBB42 /* Pods */,
				988652CB04F94A604203B5BB /* Frameworks */,
			);
			sourceTree = "<group>";
		};
		94C4B297297A9E7F00B44056 /* Products */ = {
			isa = PBXGroup;
			children = (
				94C4B296297A9E7F00B44056 /* Instagram Clone.app */,
			);
			name = Products;
			sourceTree = "<group>";
		};
		94C4B298297A9E7F00B44056 /* Instagram Clone */ = {
			isa = PBXGroup;
			children = (
				94E4A71A2997436100074803 /* Upload */,
				94E8395D2984AF37002B365C /* Services */,
				94C4B2BA297D4C9B00B44056 /* GoogleService-Info.plist */,
				94C4B2B5297C405100B44056 /* Utils */,
				94C4B2B2297B741D00B44056 /* Files */,
				94C4B2AF297B73D100B44056 /* Model */,
				94C4B2AE297B73CE00B44056 /* View */,
				94C4B2B1297B73F100B44056 /* ViewModel */,
				94C4B2AD297B73CA00B44056 /* Controller */,
				94C4B2A2297A9EB700B44056 /* Assets.xcassets */,
				94C4B2A7297A9EB700B44056 /* Info.plist */,
			);
			path = "Instagram Clone";
			sourceTree = "<group>";
		};
		94C4B2AD297B73CA00B44056 /* Controller */ = {
			isa = PBXGroup;
			children = (
				94C4B2B3297B74C800B44056 /* LoginViewController.swift */,
				94C4B2B8297CF39B00B44056 /* SignUpViewController.swift */,
				943E3DCC298061C7000CAA98 /* MainViewController.swift */,
				943E3DCE29806742000CAA98 /* FeedController.swift */,
				943E3DD029806785000CAA98 /* NotificationController.swift */,
				943E3DD2298067A3000CAA98 /* SearchFeedController.swift */,
				943E3DD6298067F0000CAA98 /* ProfileController.swift */,
				940D333B298C35830049F483 /* FollowersVC.swift */,
			);
			path = Controller;
			sourceTree = "<group>";
		};
		94C4B2AE297B73CE00B44056 /* View */ = {
			isa = PBXGroup;
			children = (
				94E8395729815B05002B365C /* ProfileCollectionViewHeader.swift */,
				94E8395B29840182002B365C /* SearchViewControllerCell.swift */,
				940D333D298C38FC0049F483 /* FollowersViewControllerCell.swift */,
			);
			path = View;
			sourceTree = "<group>";
		};
		94C4B2AF297B73D100B44056 /* Model */ = {
			isa = PBXGroup;
			children = (
				94E839592982AE11002B365C /* User.swift */,
			);
			path = Model;
			sourceTree = "<group>";
		};
		94C4B2B1297B73F100B44056 /* ViewModel */ = {
			isa = PBXGroup;
			children = (
			);
			path = ViewModel;
			sourceTree = "<group>";
		};
		94C4B2B2297B741D00B44056 /* Files */ = {
			isa = PBXGroup;
			children = (
				94C4B299297A9E7F00B44056 /* AppDelegate.swift */,
				94C4B29B297A9E7F00B44056 /* SceneDelegate.swift */,
				94C4B29F297A9E8000B44056 /* Main.storyboard */,
				94C4B2A4297A9EB700B44056 /* LaunchScreen.storyboard */,
			);
			path = Files;
			sourceTree = "<group>";
		};
		94C4B2B5297C405100B44056 /* Utils */ = {
			isa = PBXGroup;
			children = (
				94C4B2B6297C413D00B44056 /* Extensions.swift */,
			);
			path = Utils;
			sourceTree = "<group>";
		};
		94E4A71A2997436100074803 /* Upload */ = {
			isa = PBXGroup;
			children = (
				943E3DD4298067CC000CAA98 /* PostController.swift */,
				94E4A71C299743B400074803 /* SelectImageViewController.swift */,
				94E4A71E2997452400074803 /* SelectPhotoCell.swift */,
				94E4A7202997459600074803 /* SelectPhotoHeaderCell.swift */,
			);
			path = Upload;
			sourceTree = "<group>";
		};
		94E8395D2984AF37002B365C /* Services */ = {
			isa = PBXGroup;
			children = (
				94E8395E2984AF5B002B365C /* Services.swift */,
				940D33372987641F0049F483 /* FollowUnFollow.swift */,
				940D3339298B03EF0049F483 /* Protocols.swift */,
			);
			path = Services;
			sourceTree = "<group>";
		};
		988652CB04F94A604203B5BB /* Frameworks */ = {
			isa = PBXGroup;
			children = (
				5E4B1CB5B35402CB4FE76BCB /* Pods_Instagram_Clone.framework */,
			);
			name = Frameworks;
			sourceTree = "<group>";
		};
/* End PBXGroup section */

/* Begin PBXNativeTarget section */
		94C4B295297A9E7F00B44056 /* Instagram Clone */ = {
			isa = PBXNativeTarget;
			buildConfigurationList = 94C4B2AA297A9EB700B44056 /* Build configuration list for PBXNativeTarget "Instagram Clone" */;
			buildPhases = (
				DEAD7CD23EC6F860C706A7D0 /* [CP] Check Pods Manifest.lock */,
				94C4B292297A9E7F00B44056 /* Sources */,
				94C4B293297A9E7F00B44056 /* Frameworks */,
				94C4B294297A9E7F00B44056 /* Resources */,
				B4328E05F2300F87932EE18B /* [CP] Embed Pods Frameworks */,
			);
			buildRules = (
			);
			dependencies = (
			);
			name = "Instagram Clone";
			productName = "Instagram Clone";
			productReference = 94C4B296297A9E7F00B44056 /* Instagram Clone.app */;
			productType = "com.apple.product-type.application";
		};
/* End PBXNativeTarget section */

/* Begin PBXProject section */
		94C4B28E297A9E7F00B44056 /* Project object */ = {
			isa = PBXProject;
			attributes = {
				LastSwiftUpdateCheck = 1100;
				LastUpgradeCheck = 1100;
				ORGANIZATIONNAME = "Erick El nino";
				TargetAttributes = {
					94C4B295297A9E7F00B44056 = {
						CreatedOnToolsVersion = 11.0;
					};
				};
			};
			buildConfigurationList = 94C4B291297A9E7F00B44056 /* Build configuration list for PBXProject "Instagram Clone" */;
			compatibilityVersion = "Xcode 9.3";
			developmentRegion = en;
			hasScannedForEncodings = 0;
			knownRegions = (
				en,
				Base,
			);
			mainGroup = 94C4B28D297A9E7F00B44056;
			productRefGroup = 94C4B297297A9E7F00B44056 /* Products */;
			projectDirPath = "";
			projectRoot = "";
			targets = (
				94C4B295297A9E7F00B44056 /* Instagram Clone */,
			);
		};
/* End PBXProject section */

/* Begin PBXResourcesBuildPhase section */
		94C4B294297A9E7F00B44056 /* Resources */ = {
			isa = PBXResourcesBuildPhase;
			buildActionMask = 2147483647;
			files = (
				94C4B2A6297A9EB700B44056 /* LaunchScreen.storyboard in Resources */,
				94C4B2A3297A9EB700B44056 /* Assets.xcassets in Resources */,
				94C4B2A1297A9E8000B44056 /* Main.storyboard in Resources */,
				94C4B2BB297D4C9B00B44056 /* GoogleService-Info.plist in Resources */,
			);
			runOnlyForDeploymentPostprocessing = 0;
		};
/* End PBXResourcesBuildPhase section */

/* Begin PBXShellScriptBuildPhase section */
		B4328E05F2300F87932EE18B /* [CP] Embed Pods Frameworks */ = {
			isa = PBXShellScriptBuildPhase;
			buildActionMask = 2147483647;
			files = (
			);
			inputFileListPaths = (
				"${PODS_ROOT}/Target Support Files/Pods-Instagram Clone/Pods-Instagram Clone-frameworks-${CONFIGURATION}-input-files.xcfilelist",
			);
			name = "[CP] Embed Pods Frameworks";
			outputFileListPaths = (
				"${PODS_ROOT}/Target Support Files/Pods-Instagram Clone/Pods-Instagram Clone-frameworks-${CONFIGURATION}-output-files.xcfilelist",
			);
			runOnlyForDeploymentPostprocessing = 0;
			shellPath = /bin/sh;
			shellScript = "\"${PODS_ROOT}/Target Support Files/Pods-Instagram Clone/Pods-Instagram Clone-frameworks.sh\"\n";
			showEnvVarsInLog = 0;
		};
		DEAD7CD23EC6F860C706A7D0 /* [CP] Check Pods Manifest.lock */ = {
			isa = PBXShellScriptBuildPhase;
			buildActionMask = 2147483647;
			files = (
			);
			inputFileListPaths = (
			);
			inputPaths = (
				"${PODS_PODFILE_DIR_PATH}/Podfile.lock",
				"${PODS_ROOT}/Manifest.lock",
			);
			name = "[CP] Check Pods Manifest.lock";
			outputFileListPaths = (
			);
			outputPaths = (
				"$(DERIVED_FILE_DIR)/Pods-Instagram Clone-checkManifestLockResult.txt",
			);
			runOnlyForDeploymentPostprocessing = 0;
			shellPath = /bin/sh;
			shellScript = "diff \"${PODS_PODFILE_DIR_PATH}/Podfile.lock\" \"${PODS_ROOT}/Manifest.lock\" > /dev/null\nif [ $? != 0 ] ; then\n    # print error to STDERR\n    echo \"error: The sandbox is not in sync with the Podfile.lock. Run 'pod install' or update your CocoaPods installation.\" >&2\n    exit 1\nfi\n# This output is used by Xcode 'outputs' to avoid re-running this script phase.\necho \"SUCCESS\" > \"${SCRIPT_OUTPUT_FILE_0}\"\n";
			showEnvVarsInLog = 0;
		};
/* End PBXShellScriptBuildPhase section */

/* Begin PBXSourcesBuildPhase section */
		94C4B292297A9E7F00B44056 /* Sources */ = {
			isa = PBXSourcesBuildPhase;
			buildActionMask = 2147483647;
			files = (
				94C4B2B4297B74C800B44056 /* LoginViewController.swift in Sources */,
				94C4B29A297A9E7F00B44056 /* AppDelegate.swift in Sources */,
				943E3DD129806785000CAA98 /* NotificationController.swift in Sources */,
				94C4B29C297A9E7F00B44056 /* SceneDelegate.swift in Sources */,
				943E3DCD298061C7000CAA98 /* MainViewController.swift in Sources */,
				94E8395A2982AE11002B365C /* User.swift in Sources */,
				943E3DD5298067CC000CAA98 /* PostController.swift in Sources */,
				94C4B2B7297C413D00B44056 /* Extensions.swift in Sources */,
				940D33382987641F0049F483 /* FollowUnFollow.swift in Sources */,
				94E8395C29840182002B365C /* SearchViewControllerCell.swift in Sources */,
				943E3DD7298067F0000CAA98 /* ProfileController.swift in Sources */,
				94E8395F2984AF5B002B365C /* Services.swift in Sources */,
				94C4B2B9297CF39B00B44056 /* SignUpViewController.swift in Sources */,
				94E4A7212997459600074803 /* SelectPhotoHeaderCell.swift in Sources */,
				943E3DD3298067A3000CAA98 /* SearchFeedController.swift in Sources */,
				940D333E298C38FC0049F483 /* FollowersViewControllerCell.swift in Sources */,
				940D333C298C35830049F483 /* FollowersVC.swift in Sources */,
				94E4A71F2997452400074803 /* SelectPhotoCell.swift in Sources */,
				94E4A71D299743B400074803 /* SelectImageViewController.swift in Sources */,
				943E3DCF29806742000CAA98 /* FeedController.swift in Sources */,
				940D333A298B03EF0049F483 /* Protocols.swift in Sources */,
				94E8395829815B05002B365C /* ProfileCollectionViewHeader.swift in Sources */,
			);
			runOnlyForDeploymentPostprocessing = 0;
		};
/* End PBXSourcesBuildPhase section */

/* Begin PBXVariantGroup section */
		94C4B29F297A9E8000B44056 /* Main.storyboard */ = {
			isa = PBXVariantGroup;
			children = (
				94C4B2A0297A9E8000B44056 /* Base */,
			);
			name = Main.storyboard;
			sourceTree = "<group>";
		};
		94C4B2A4297A9EB700B44056 /* LaunchScreen.storyboard */ = {
			isa = PBXVariantGroup;
			children = (
				94C4B2A5297A9EB700B44056 /* Base */,
			);
			name = LaunchScreen.storyboard;
			sourceTree = "<group>";
		};
/* End PBXVariantGroup section */

/* Begin XCBuildConfiguration section */
		94C4B2A8297A9EB700B44056 /* Debug */ = {
			isa = XCBuildConfiguration;
			buildSettings = {
				ALWAYS_SEARCH_USER_PATHS = NO;
				CLANG_ANALYZER_NONNULL = YES;
				CLANG_ANALYZER_NUMBER_OBJECT_CONVERSION = YES_AGGRESSIVE;
				CLANG_CXX_LANGUAGE_STANDARD = "gnu++14";
				CLANG_CXX_LIBRARY = "libc++";
				CLANG_ENABLE_MODULES = YES;
				CLANG_ENABLE_OBJC_ARC = YES;
				CLANG_ENABLE_OBJC_WEAK = YES;
				CLANG_WARN_BLOCK_CAPTURE_AUTORELEASING = YES;
				CLANG_WARN_BOOL_CONVERSION = YES;
				CLANG_WARN_COMMA = YES;
				CLANG_WARN_CONSTANT_CONVERSION = YES;
				CLANG_WARN_DEPRECATED_OBJC_IMPLEMENTATIONS = YES;
				CLANG_WARN_DIRECT_OBJC_ISA_USAGE = YES_ERROR;
				CLANG_WARN_DOCUMENTATION_COMMENTS = YES;
				CLANG_WARN_EMPTY_BODY = YES;
				CLANG_WARN_ENUM_CONVERSION = YES;
				CLANG_WARN_INFINITE_RECURSION = YES;
				CLANG_WARN_INT_CONVERSION = YES;
				CLANG_WARN_NON_LITERAL_NULL_CONVERSION = YES;
				CLANG_WARN_OBJC_IMPLICIT_RETAIN_SELF = YES;
				CLANG_WARN_OBJC_LITERAL_CONVERSION = YES;
				CLANG_WARN_OBJC_ROOT_CLASS = YES_ERROR;
				CLANG_WARN_RANGE_LOOP_ANALYSIS = YES;
				CLANG_WARN_STRICT_PROTOTYPES = YES;
				CLANG_WARN_SUSPICIOUS_MOVE = YES;
				CLANG_WARN_UNGUARDED_AVAILABILITY = YES_AGGRESSIVE;
				CLANG_WARN_UNREACHABLE_CODE = YES;
				CLANG_WARN__DUPLICATE_METHOD_MATCH = YES;
				COPY_PHASE_STRIP = NO;
				DEBUG_INFORMATION_FORMAT = dwarf;
				ENABLE_STRICT_OBJC_MSGSEND = YES;
				ENABLE_TESTABILITY = YES;
				GCC_C_LANGUAGE_STANDARD = gnu11;
				GCC_DYNAMIC_NO_PIC = NO;
				GCC_NO_COMMON_BLOCKS = YES;
				GCC_OPTIMIZATION_LEVEL = 0;
				GCC_PREPROCESSOR_DEFINITIONS = (
					"DEBUG=1",
					"$(inherited)",
				);
				GCC_WARN_64_TO_32_BIT_CONVERSION = YES;
				GCC_WARN_ABOUT_RETURN_TYPE = YES_ERROR;
				GCC_WARN_UNDECLARED_SELECTOR = YES;
				GCC_WARN_UNINITIALIZED_AUTOS = YES_AGGRESSIVE;
				GCC_WARN_UNUSED_FUNCTION = YES;
				GCC_WARN_UNUSED_VARIABLE = YES;
				IPHONEOS_DEPLOYMENT_TARGET = 13.0;
				MTL_ENABLE_DEBUG_INFO = INCLUDE_SOURCE;
				MTL_FAST_MATH = YES;
				ONLY_ACTIVE_ARCH = YES;
				SDKROOT = iphoneos;
				SWIFT_ACTIVE_COMPILATION_CONDITIONS = DEBUG;
				SWIFT_OPTIMIZATION_LEVEL = "-Onone";
			};
			name = Debug;
		};
		94C4B2A9297A9EB700B44056 /* Release */ = {
			isa = XCBuildConfiguration;
			buildSettings = {
				ALWAYS_SEARCH_USER_PATHS = NO;
				CLANG_ANALYZER_NONNULL = YES;
				CLANG_ANALYZER_NUMBER_OBJECT_CONVERSION = YES_AGGRESSIVE;
				CLANG_CXX_LANGUAGE_STANDARD = "gnu++14";
				CLANG_CXX_LIBRARY = "libc++";
				CLANG_ENABLE_MODULES = YES;
				CLANG_ENABLE_OBJC_ARC = YES;
				CLANG_ENABLE_OBJC_WEAK = YES;
				CLANG_WARN_BLOCK_CAPTURE_AUTORELEASING = YES;
				CLANG_WARN_BOOL_CONVERSION = YES;
				CLANG_WARN_COMMA = YES;
				CLANG_WARN_CONSTANT_CONVERSION = YES;
				CLANG_WARN_DEPRECATED_OBJC_IMPLEMENTATIONS = YES;
				CLANG_WARN_DIRECT_OBJC_ISA_USAGE = YES_ERROR;
				CLANG_WARN_DOCUMENTATION_COMMENTS = YES;
				CLANG_WARN_EMPTY_BODY = YES;
				CLANG_WARN_ENUM_CONVERSION = YES;
				CLANG_WARN_INFINITE_RECURSION = YES;
				CLANG_WARN_INT_CONVERSION = YES;
				CLANG_WARN_NON_LITERAL_NULL_CONVERSION = YES;
				CLANG_WARN_OBJC_IMPLICIT_RETAIN_SELF = YES;
				CLANG_WARN_OBJC_LITERAL_CONVERSION = YES;
				CLANG_WARN_OBJC_ROOT_CLASS = YES_ERROR;
				CLANG_WARN_RANGE_LOOP_ANALYSIS = YES;
				CLANG_WARN_STRICT_PROTOTYPES = YES;
				CLANG_WARN_SUSPICIOUS_MOVE = YES;
				CLANG_WARN_UNGUARDED_AVAILABILITY = YES_AGGRESSIVE;
				CLANG_WARN_UNREACHABLE_CODE = YES;
				CLANG_WARN__DUPLICATE_METHOD_MATCH = YES;
				COPY_PHASE_STRIP = NO;
				DEBUG_INFORMATION_FORMAT = "dwarf-with-dsym";
				ENABLE_NS_ASSERTIONS = NO;
				ENABLE_STRICT_OBJC_MSGSEND = YES;
				GCC_C_LANGUAGE_STANDARD = gnu11;
				GCC_NO_COMMON_BLOCKS = YES;
				GCC_WARN_64_TO_32_BIT_CONVERSION = YES;
				GCC_WARN_ABOUT_RETURN_TYPE = YES_ERROR;
				GCC_WARN_UNDECLARED_SELECTOR = YES;
				GCC_WARN_UNINITIALIZED_AUTOS = YES_AGGRESSIVE;
				GCC_WARN_UNUSED_FUNCTION = YES;
				GCC_WARN_UNUSED_VARIABLE = YES;
				IPHONEOS_DEPLOYMENT_TARGET = 13.0;
				MTL_ENABLE_DEBUG_INFO = NO;
				MTL_FAST_MATH = YES;
				SDKROOT = iphoneos;
				SWIFT_COMPILATION_MODE = wholemodule;
				SWIFT_OPTIMIZATION_LEVEL = "-O";
				VALIDATE_PRODUCT = YES;
			};
			name = Release;
		};
		94C4B2AB297A9EB700B44056 /* Debug */ = {
			isa = XCBuildConfiguration;
			baseConfigurationReference = 8D3FFEE3B26BD2CF07C5B5E5 /* Pods-Instagram Clone.debug.xcconfig */;
			buildSettings = {
				ASSETCATALOG_COMPILER_APPICON_NAME = AppIcon;
				CODE_SIGN_STYLE = Automatic;
				DEVELOPMENT_TEAM = X3L2CCTW7K;
				INFOPLIST_FILE = "Instagram Clone/Info.plist";
				LD_RUNPATH_SEARCH_PATHS = (
					"$(inherited)",
					"@executable_path/Frameworks",
				);
				PRODUCT_BUNDLE_IDENTIFIER = "com.zando.Instagram-Clone";
				PRODUCT_NAME = "$(TARGET_NAME)";
				SWIFT_VERSION = 5.0;
				TARGETED_DEVICE_FAMILY = "1,2";
			};
			name = Debug;
		};
		94C4B2AC297A9EB700B44056 /* Release */ = {
			isa = XCBuildConfiguration;
			baseConfigurationReference = 9B738775C7C66D85EB099DAA /* Pods-Instagram Clone.release.xcconfig */;
			buildSettings = {
				ASSETCATALOG_COMPILER_APPICON_NAME = AppIcon;
				CODE_SIGN_STYLE = Automatic;
				DEVELOPMENT_TEAM = X3L2CCTW7K;
				INFOPLIST_FILE = "Instagram Clone/Info.plist";
				LD_RUNPATH_SEARCH_PATHS = (
					"$(inherited)",
					"@executable_path/Frameworks",
				);
				PRODUCT_BUNDLE_IDENTIFIER = "com.zando.Instagram-Clone";
				PRODUCT_NAME = "$(TARGET_NAME)";
				SWIFT_VERSION = 5.0;
				TARGETED_DEVICE_FAMILY = "1,2";
			};
			name = Release;
		};
/* End XCBuildConfiguration section */

/* Begin XCConfigurationList section */
		94C4B291297A9E7F00B44056 /* Build configuration list for PBXProject "Instagram Clone" */ = {
			isa = XCConfigurationList;
			buildConfigurations = (
				94C4B2A8297A9EB700B44056 /* Debug */,
				94C4B2A9297A9EB700B44056 /* Release */,
			);
			defaultConfigurationIsVisible = 0;
			defaultConfigurationName = Release;
		};
		94C4B2AA297A9EB700B44056 /* Build configuration list for PBXNativeTarget "Instagram Clone" */ = {
			isa = XCConfigurationList;
			buildConfigurations = (
				94C4B2AB297A9EB700B44056 /* Debug */,
				94C4B2AC297A9EB700B44056 /* Release */,
			);
			defaultConfigurationIsVisible = 0;
			defaultConfigurationName = Release;
		};
/* End XCConfigurationList section */
	};
	rootObject = 94C4B28E297A9E7F00B44056 /* Project object */;
}
